
Microsoft Visual Studio Solution File, Format Version 12.00
# Visual Studio 15
VisualStudioVersion = 15.0.28010.2050
MinimumVisualStudioVersion = 10.0.40219.1
Project("{FAE04EC0-301F-11D3-BF4B-00C04F79EFBC}") = "NewWebApp", "NewWebApp\NewWebApp.csproj", "{8847C246-9AFB-4B84-8DA6-7B2135932880}"
EndProject
Global
	GlobalSection(SolutionConfigurationPlatforms) = preSolution
		Debug|Any CPU = Debug|Any CPU
		Release|Any CPU = Release|Any CPU
	EndGlobalSection
	GlobalSection(ProjectConfigurationPlatforms) = postSolution
		{8847C246-9AFB-4B84-8DA6-7B2135932880}.Debug|Any CPU.ActiveCfg = Debug|Any CPU
		{8847C246-9AFB-4B84-8DA6-7B2135932880}.Debug|Any CPU.Build.0 = Debug|Any CPU
		{8847C246-9AFB-4B84-8DA6-7B2135932880}.Release|Any CPU.ActiveCfg = Release|Any CPU
		{8847C246-9AFB-4B84-8DA6-7B2135932880}.Release|Any CPU.Build.0 = Release|Any CPU
	EndGlobalSection
	GlobalSection(SolutionProperties) = preSolution
		HideSolutionNode = FALSE
	EndGlobalSection
	GlobalSection(ExtensibilityGlobals) = postSolution
		SolutionGuid = {23540083-B910-4A42-ADE9-37C4641181C6}
	EndGlobalSection
EndGlobal
